
Microsoft Visual Studio Solution File, Format Version 12.00
# Visual Studio Version 16
VisualStudioVersion = 16.0.32228.343
MinimumVisualStudioVersion = 10.0.40219.1
Project("{FAE04EC0-301F-11D3-BF4B-00C04F79EFBC}") = "BPMLab.Turboreactors", "BPMLab.Turboreactors\BPMLab.Turboreactors.csproj", "{4A6395C9-FD27-4F0D-9AB5-CE7C2C6E6611}"
EndProject
Global
	GlobalSection(SolutionConfigurationPlatforms) = preSolution
		Debug|Any CPU = Debug|Any CPU
		Release|Any CPU = Release|Any CPU
	EndGlobalSection
	GlobalSection(ProjectConfigurationPlatforms) = postSolution
		{4A6395C9-FD27-4F0D-9AB5-CE7C2C6E6611}.Debug|Any CPU.ActiveCfg = Debug|Any CPU
		{4A6395C9-FD27-4F0D-9AB5-CE7C2C6E6611}.Debug|Any CPU.Build.0 = Debug|Any CPU
		{4A6395C9-FD27-4F0D-9AB5-CE7C2C6E6611}.Release|Any CPU.ActiveCfg = Release|Any CPU
		{4A6395C9-FD27-4F0D-9AB5-CE7C2C6E6611}.Release|Any CPU.Build.0 = Release|Any CPU
	EndGlobalSection
	GlobalSection(SolutionProperties) = preSolution
		HideSolutionNode = FALSE
	EndGlobalSection
	GlobalSection(ExtensibilityGlobals) = postSolution
		SolutionGuid = {CBB2429F-17D3-435F-8A1F-7EC816B843CA}
	EndGlobalSection
EndGlobal
